// !$*UTF8*$!
{
	archiveVersion = 1;
	classes = {
	};
	objectVersion = 46;
	objects = {

/* Begin PBXBuildFile section */
		DB8ABB9C1DD5B27D00D735F2 /* decode.cpp in Sources */ = {isa = PBXBuildFile; fileRef = DB8ABB911DD5B27D00D735F2 /* decode.cpp */; };
		DB8ABB9D1DD5B27D00D735F2 /* excute_plus.cpp in Sources */ = {isa = PBXBuildFile; fileRef = DB8ABB931DD5B27D00D735F2 /* excute_plus.cpp */; };
		DB8ABB9E1DD5B27D00D735F2 /* exe.cpp in Sources */ = {isa = PBXBuildFile; fileRef = DB8ABB941DD5B27D00D735F2 /* exe.cpp */; };
		DB8ABB9F1DD5B27D00D735F2 /* execute.cpp in Sources */ = {isa = PBXBuildFile; fileRef = DB8ABB961DD5B27D00D735F2 /* execute.cpp */; };
		DB8ABBA01DD5B27D00D735F2 /* memory.cpp in Sources */ = {isa = PBXBuildFile; fileRef = DB8ABB971DD5B27D00D735F2 /* memory.cpp */; };
		DB8ABBA11DD5B27D00D735F2 /* register.cpp in Sources */ = {isa = PBXBuildFile; fileRef = DB8ABB991DD5B27D00D735F2 /* register.cpp */; };
/* End PBXBuildFile section */

/* Begin PBXCopyFilesBuildPhase section */
		DBD932CD1DCC9B0B003A7E99 /* CopyFiles */ = {
			isa = PBXCopyFilesBuildPhase;
			buildActionMask = 2147483647;
			dstPath = /usr/share/man/man1/;
			dstSubfolderSpec = 0;
			files = (
			);
			runOnlyForDeploymentPostprocessing = 1;
		};
/* End PBXCopyFilesBuildPhase section */

/* Begin PBXFileReference section */
		DB8ABB911DD5B27D00D735F2 /* decode.cpp */ = {isa = PBXFileReference; fileEncoding = 4; lastKnownFileType = sourcecode.cpp.cpp; path = decode.cpp; sourceTree = "<group>"; };
		DB8ABB921DD5B27D00D735F2 /* decode.hpp */ = {isa = PBXFileReference; fileEncoding = 4; lastKnownFileType = sourcecode.cpp.h; path = decode.hpp; sourceTree = "<group>"; };
		DB8ABB931DD5B27D00D735F2 /* excute_plus.cpp */ = {isa = PBXFileReference; fileEncoding = 4; lastKnownFileType = sourcecode.cpp.cpp; path = excute_plus.cpp; sourceTree = "<group>"; };
		DB8ABB941DD5B27D00D735F2 /* exe.cpp */ = {isa = PBXFileReference; fileEncoding = 4; lastKnownFileType = sourcecode.cpp.cpp; path = exe.cpp; sourceTree = "<group>"; };
		DB8ABB951DD5B27D00D735F2 /* exe.hpp */ = {isa = PBXFileReference; fileEncoding = 4; lastKnownFileType = sourcecode.cpp.h; path = exe.hpp; sourceTree = "<group>"; };
		DB8ABB961DD5B27D00D735F2 /* execute.cpp */ = {isa = PBXFileReference; fileEncoding = 4; lastKnownFileType = sourcecode.cpp.cpp; path = execute.cpp; sourceTree = "<group>"; };
		DB8ABB971DD5B27D00D735F2 /* memory.cpp */ = {isa = PBXFileReference; fileEncoding = 4; lastKnownFileType = sourcecode.cpp.cpp; path = memory.cpp; sourceTree = "<group>"; };
		DB8ABB981DD5B27D00D735F2 /* memory.hpp */ = {isa = PBXFileReference; fileEncoding = 4; lastKnownFileType = sourcecode.cpp.h; path = memory.hpp; sourceTree = "<group>"; };
		DB8ABB991DD5B27D00D735F2 /* register.cpp */ = {isa = PBXFileReference; fileEncoding = 4; lastKnownFileType = sourcecode.cpp.cpp; path = register.cpp; sourceTree = "<group>"; };
		DB8ABB9A1DD5B27D00D735F2 /* register.hpp */ = {isa = PBXFileReference; fileEncoding = 4; lastKnownFileType = sourcecode.cpp.h; path = register.hpp; sourceTree = "<group>"; };
		DB8ABB9B1DD5B27D00D735F2 /* system.h */ = {isa = PBXFileReference; fileEncoding = 4; lastKnownFileType = sourcecode.c.h; path = system.h; sourceTree = "<group>"; };
		DBD932CF1DCC9B0C003A7E99 /* RISCV_ISA_SIM */ = {isa = PBXFileReference; explicitFileType = "compiled.mach-o.executable"; includeInIndex = 0; path = RISCV_ISA_SIM; sourceTree = BUILT_PRODUCTS_DIR; };
/* End PBXFileReference section */

/* Begin PBXFrameworksBuildPhase section */
		DBD932CC1DCC9B0B003A7E99 /* Frameworks */ = {
			isa = PBXFrameworksBuildPhase;
			buildActionMask = 2147483647;
			files = (
			);
			runOnlyForDeploymentPostprocessing = 0;
		};
/* End PBXFrameworksBuildPhase section */

/* Begin PBXGroup section */
		DBD932C61DCC9B0B003A7E99 = {
			isa = PBXGroup;
			children = (
				DBD932D11DCC9B0C003A7E99 /* RISCV_ISA_SIM */,
				DBD932D01DCC9B0C003A7E99 /* Products */,
			);
			sourceTree = "<group>";
		};
		DBD932D01DCC9B0C003A7E99 /* Products */ = {
			isa = PBXGroup;
			children = (
				DBD932CF1DCC9B0C003A7E99 /* RISCV_ISA_SIM */,
			);
			name = Products;
			sourceTree = "<group>";
		};
		DBD932D11DCC9B0C003A7E99 /* RISCV_ISA_SIM */ = {
			isa = PBXGroup;
			children = (
				DB8ABB911DD5B27D00D735F2 /* decode.cpp */,
				DB8ABB921DD5B27D00D735F2 /* decode.hpp */,
				DB8ABB931DD5B27D00D735F2 /* excute_plus.cpp */,
				DB8ABB941DD5B27D00D735F2 /* exe.cpp */,
				DB8ABB951DD5B27D00D735F2 /* exe.hpp */,
				DB8ABB961DD5B27D00D735F2 /* execute.cpp */,
				DB8ABB971DD5B27D00D735F2 /* memory.cpp */,
				DB8ABB981DD5B27D00D735F2 /* memory.hpp */,
				DB8ABB991DD5B27D00D735F2 /* register.cpp */,
				DB8ABB9A1DD5B27D00D735F2 /* register.hpp */,
				DB8ABB9B1DD5B27D00D735F2 /* system.h */,
			);
			path = RISCV_ISA_SIM;
			sourceTree = "<group>";
		};
/* End PBXGroup section */

/* Begin PBXNativeTarget section */
		DBD932CE1DCC9B0B003A7E99 /* RISCV_ISA_SIM */ = {
			isa = PBXNativeTarget;
			buildConfigurationList = DBD932D61DCC9B0C003A7E99 /* Build configuration list for PBXNativeTarget "RISCV_ISA_SIM" */;
			buildPhases = (
				DBD932CB1DCC9B0B003A7E99 /* Sources */,
				DBD932CC1DCC9B0B003A7E99 /* Frameworks */,
				DBD932CD1DCC9B0B003A7E99 /* CopyFiles */,
			);
			buildRules = (
			);
			dependencies = (
			);
			name = RISCV_ISA_SIM;
			productName = RISCV_ISA_SIM;
			productReference = DBD932CF1DCC9B0C003A7E99 /* RISCV_ISA_SIM */;
			productType = "com.apple.product-type.tool";
		};
/* End PBXNativeTarget section */

/* Begin PBXProject section */
		DBD932C71DCC9B0B003A7E99 /* Project object */ = {
			isa = PBXProject;
			attributes = {
				LastUpgradeCheck = 0800;
				ORGANIZATIONNAME = "Nancy Fan";
				TargetAttributes = {
					DBD932CE1DCC9B0B003A7E99 = {
						CreatedOnToolsVersion = 8.0;
						ProvisioningStyle = Automatic;
					};
				};
			};
			buildConfigurationList = DBD932CA1DCC9B0B003A7E99 /* Build configuration list for PBXProject "RISCV_ISA_SIM" */;
			compatibilityVersion = "Xcode 3.2";
			developmentRegion = English;
			hasScannedForEncodings = 0;
			knownRegions = (
				en,
			);
			mainGroup = DBD932C61DCC9B0B003A7E99;
			productRefGroup = DBD932D01DCC9B0C003A7E99 /* Products */;
			projectDirPath = "";
			projectRoot = "";
			targets = (
				DBD932CE1DCC9B0B003A7E99 /* RISCV_ISA_SIM */,
			);
		};
/* End PBXProject section */

/* Begin PBXSourcesBuildPhase section */
		DBD932CB1DCC9B0B003A7E99 /* Sources */ = {
			isa = PBXSourcesBuildPhase;
			buildActionMask = 2147483647;
			files = (
				DB8ABBA01DD5B27D00D735F2 /* memory.cpp in Sources */,
				DB8ABB9E1DD5B27D00D735F2 /* exe.cpp in Sources */,
				DB8ABB9C1DD5B27D00D735F2 /* decode.cpp in Sources */,
				DB8ABB9D1DD5B27D00D735F2 /* excute_plus.cpp in Sources */,
				DB8ABBA11DD5B27D00D735F2 /* register.cpp in Sources */,
				DB8ABB9F1DD5B27D00D735F2 /* execute.cpp in Sources */,
			);
			runOnlyForDeploymentPostprocessing = 0;
		};
/* End PBXSourcesBuildPhase section */

/* Begin XCBuildConfiguration section */
		DBD932D41DCC9B0C003A7E99 /* Debug */ = {
			isa = XCBuildConfiguration;
			buildSettings = {
				ALWAYS_SEARCH_USER_PATHS = NO;
				CLANG_ANALYZER_NONNULL = YES;
				CLANG_CXX_LANGUAGE_STANDARD = "gnu++0x";
				CLANG_CXX_LIBRARY = "libc++";
				CLANG_ENABLE_MODULES = YES;
				CLANG_ENABLE_OBJC_ARC = YES;
				CLANG_WARN_BOOL_CONVERSION = YES;
				CLANG_WARN_CONSTANT_CONVERSION = YES;
				CLANG_WARN_DIRECT_OBJC_ISA_USAGE = YES_ERROR;
				CLANG_WARN_DOCUMENTATION_COMMENTS = YES;
				CLANG_WARN_EMPTY_BODY = YES;
				CLANG_WARN_ENUM_CONVERSION = YES;
				CLANG_WARN_INFINITE_RECURSION = YES;
				CLANG_WARN_INT_CONVERSION = YES;
				CLANG_WARN_OBJC_ROOT_CLASS = YES_ERROR;
				CLANG_WARN_SUSPICIOUS_MOVES = YES;
				CLANG_WARN_UNREACHABLE_CODE = YES;
				CLANG_WARN__DUPLICATE_METHOD_MATCH = YES;
				CODE_SIGN_IDENTITY = "-";
				COPY_PHASE_STRIP = NO;
				DEBUG_INFORMATION_FORMAT = dwarf;
				ENABLE_STRICT_OBJC_MSGSEND = YES;
				ENABLE_TESTABILITY = YES;
				GCC_C_LANGUAGE_STANDARD = gnu99;
				GCC_DYNAMIC_NO_PIC = NO;
				GCC_NO_COMMON_BLOCKS = YES;
				GCC_OPTIMIZATION_LEVEL = 0;
				GCC_PREPROCESSOR_DEFINITIONS = (
					"DEBUG=1",
					"$(inherited)",
				);
				GCC_WARN_64_TO_32_BIT_CONVERSION = YES;
				GCC_WARN_ABOUT_RETURN_TYPE = YES_ERROR;
				GCC_WARN_UNDECLARED_SELECTOR = YES;
				GCC_WARN_UNINITIALIZED_AUTOS = YES_AGGRESSIVE;
				GCC_WARN_UNUSED_FUNCTION = YES;
				GCC_WARN_UNUSED_VARIABLE = YES;
				MACOSX_DEPLOYMENT_TARGET = 10.11;
				MTL_ENABLE_DEBUG_INFO = YES;
				ONLY_ACTIVE_ARCH = YES;
				SDKROOT = macosx;
			};
			name = Debug;
		};
		DBD932D51DCC9B0C003A7E99 /* Release */ = {
			isa = XCBuildConfiguration;
			buildSettings = {
				ALWAYS_SEARCH_USER_PATHS = NO;
				CLANG_ANALYZER_NONNULL = YES;
				CLANG_CXX_LANGUAGE_STANDARD = "gnu++0x";
				CLANG_CXX_LIBRARY = "libc++";
				CLANG_ENABLE_MODULES = YES;
				CLANG_ENABLE_OBJC_ARC = YES;
				CLANG_WARN_BOOL_CONVERSION = YES;
				CLANG_WARN_CONSTANT_CONVERSION = YES;
				CLANG_WARN_DIRECT_OBJC_ISA_USAGE = YES_ERROR;
				CLANG_WARN_DOCUMENTATION_COMMENTS = YES;
				CLANG_WARN_EMPTY_BODY = YES;
				CLANG_WARN_ENUM_CONVERSION = YES;
				CLANG_WARN_INFINITE_RECURSION = YES;
				CLANG_WARN_INT_CONVERSION = YES;
				CLANG_WARN_OBJC_ROOT_CLASS = YES_ERROR;
				CLANG_WARN_SUSPICIOUS_MOVES = YES;
				CLANG_WARN_UNREACHABLE_CODE = YES;
				CLANG_WARN__DUPLICATE_METHOD_MATCH = YES;
				CODE_SIGN_IDENTITY = "-";
				COPY_PHASE_STRIP = NO;
				DEBUG_INFORMATION_FORMAT = "dwarf-with-dsym";
				ENABLE_NS_ASSERTIONS = NO;
				ENABLE_STRICT_OBJC_MSGSEND = YES;
				GCC_C_LANGUAGE_STANDARD = gnu99;
				GCC_NO_COMMON_BLOCKS = YES;
				GCC_WARN_64_TO_32_BIT_CONVERSION = YES;
				GCC_WARN_ABOUT_RETURN_TYPE = YES_ERROR;
				GCC_WARN_UNDECLARED_SELECTOR = YES;
				GCC_WARN_UNINITIALIZED_AUTOS = YES_AGGRESSIVE;
				GCC_WARN_UNUSED_FUNCTION = YES;
				GCC_WARN_UNUSED_VARIABLE = YES;
				MACOSX_DEPLOYMENT_TARGET = 10.11;
				MTL_ENABLE_DEBUG_INFO = NO;
				SDKROOT = macosx;
			};
			name = Release;
		};
		DBD932D71DCC9B0C003A7E99 /* Debug */ = {
			isa = XCBuildConfiguration;
			buildSettings = {
				PRODUCT_NAME = "$(TARGET_NAME)";
			};
			name = Debug;
		};
		DBD932D81DCC9B0C003A7E99 /* Release */ = {
			isa = XCBuildConfiguration;
			buildSettings = {
				PRODUCT_NAME = "$(TARGET_NAME)";
			};
			name = Release;
		};
/* End XCBuildConfiguration section */

/* Begin XCConfigurationList section */
		DBD932CA1DCC9B0B003A7E99 /* Build configuration list for PBXProject "RISCV_ISA_SIM" */ = {
			isa = XCConfigurationList;
			buildConfigurations = (
				DBD932D41DCC9B0C003A7E99 /* Debug */,
				DBD932D51DCC9B0C003A7E99 /* Release */,
			);
			defaultConfigurationIsVisible = 0;
			defaultConfigurationName = Release;
		};
		DBD932D61DCC9B0C003A7E99 /* Build configuration list for PBXNativeTarget "RISCV_ISA_SIM" */ = {
			isa = XCConfigurationList;
			buildConfigurations = (
				DBD932D71DCC9B0C003A7E99 /* Debug */,
				DBD932D81DCC9B0C003A7E99 /* Release */,
			);
			defaultConfigurationIsVisible = 0;
			defaultConfigurationName = Release;
		};
/* End XCConfigurationList section */
	};
	rootObject = DBD932C71DCC9B0B003A7E99 /* Project object */;
}
